
Microsoft Visual Studio Solution File, Format Version 11.00
# Visual Studio 2010
# SharpDevelop 4.2.0.8649-Beta 2
Project("{2150E333-8FDC-42A3-9474-1A3956D46DE8}") = "Solution Items", "Solution Items", "{47916906-4320-44A2-8A22-E82B9F119BBE}"
	ProjectSection(SolutionItems) = preProject
		Local.testsettings = Local.testsettings
		SimpleOT.vsmdi = SimpleOT.vsmdi
		TraceAndTestImpact.testsettings = TraceAndTestImpact.testsettings
	EndProjectSection
EndProject
Project("{FAE04EC0-301F-11D3-BF4B-00C04F79EFBC}") = "SimpleOT.Libraries", "SimpleOT.Libraries\SimpleOT.Libraries.csproj", "{74E08E08-6901-4185-8378-E17CF6B143DC}"
EndProject
Project("{FAE04EC0-301F-11D3-BF4B-00C04F79EFBC}") = "SimpleOT", "SimpleOT\SimpleOT.csproj", "{5931698F-DB88-4B7C-A2CD-F8746E1A018A}"
EndProject
Project("{FAE04EC0-301F-11D3-BF4B-00C04F79EFBC}") = "SimpleOT.Tests", "SimpleOT.Tests\SimpleOT.Tests.csproj", "{65D3207D-D304-40A8-B5C2-8A59152DB734}"
EndProject
Project("{FAE04EC0-301F-11D3-BF4B-00C04F79EFBC}") = "SimpleOT.Data", "SimpleOT.Data\SimpleOT.Data.csproj", "{B89136AB-7354-483D-B274-D3FE181B4E20}"
EndProject
Global
	GlobalSection(SubversionScc) = preSolution
		Svn-Managed = True
		Manager = AnkhSVN - Subversion Support for Visual Studio
	EndGlobalSection
	GlobalSection(TestCaseManagementSettings) = postSolution
		CategoryFile = SimpleOT.vsmdi
	EndGlobalSection
	GlobalSection(SolutionConfigurationPlatforms) = preSolution
		Debug|Any CPU = Debug|Any CPU
		Debug|Mixed Platforms = Debug|Mixed Platforms
		Debug|x86 = Debug|x86
		Default|Any CPU = Default|Any CPU
		Default|Mixed Platforms = Default|Mixed Platforms
		Default|x86 = Default|x86
		Release|Any CPU = Release|Any CPU
		Release|Mixed Platforms = Release|Mixed Platforms
		Release|x86 = Release|x86
	EndGlobalSection
	GlobalSection(ProjectConfigurationPlatforms) = postSolution
		{74E08E08-6901-4185-8378-E17CF6B143DC}.Debug|Any CPU.ActiveCfg = Debug|Any CPU
		{74E08E08-6901-4185-8378-E17CF6B143DC}.Debug|Mixed Platforms.ActiveCfg = Debug|Any CPU
		{74E08E08-6901-4185-8378-E17CF6B143DC}.Debug|Mixed Platforms.Build.0 = Debug|Any CPU
		{74E08E08-6901-4185-8378-E17CF6B143DC}.Debug|x86.ActiveCfg = Debug|Any CPU
		{74E08E08-6901-4185-8378-E17CF6B143DC}.Debug|x86.Build.0 = Debug|Any CPU
		{74E08E08-6901-4185-8378-E17CF6B143DC}.Default|Any CPU.ActiveCfg = Debug|Any CPU
		{74E08E08-6901-4185-8378-E17CF6B143DC}.Default|Any CPU.Build.0 = Debug|Any CPU
		{74E08E08-6901-4185-8378-E17CF6B143DC}.Default|Mixed Platforms.ActiveCfg = Debug|Any CPU
		{74E08E08-6901-4185-8378-E17CF6B143DC}.Default|Mixed Platforms.Build.0 = Debug|Any CPU
		{74E08E08-6901-4185-8378-E17CF6B143DC}.Default|x86.ActiveCfg = Debug|Any CPU
		{74E08E08-6901-4185-8378-E17CF6B143DC}.Release|Any CPU.ActiveCfg = Release|Any CPU
		{74E08E08-6901-4185-8378-E17CF6B143DC}.Release|Mixed Platforms.ActiveCfg = Release|Any CPU
		{74E08E08-6901-4185-8378-E17CF6B143DC}.Release|Mixed Platforms.Build.0 = Release|Any CPU
		{74E08E08-6901-4185-8378-E17CF6B143DC}.Release|x86.ActiveCfg = Release|Any CPU
		{74E08E08-6901-4185-8378-E17CF6B143DC}.Release|x86.Build.0 = Release|Any CPU
		{5931698F-DB88-4B7C-A2CD-F8746E1A018A}.Debug|Any CPU.ActiveCfg = Debug|x86
		{5931698F-DB88-4B7C-A2CD-F8746E1A018A}.Debug|Mixed Platforms.ActiveCfg = Debug|x86
		{5931698F-DB88-4B7C-A2CD-F8746E1A018A}.Debug|Mixed Platforms.Build.0 = Debug|x86
		{5931698F-DB88-4B7C-A2CD-F8746E1A018A}.Debug|x86.ActiveCfg = Debug|x86
		{5931698F-DB88-4B7C-A2CD-F8746E1A018A}.Debug|x86.Build.0 = Debug|x86
		{5931698F-DB88-4B7C-A2CD-F8746E1A018A}.Default|Any CPU.ActiveCfg = Debug|x86
		{5931698F-DB88-4B7C-A2CD-F8746E1A018A}.Default|Mixed Platforms.ActiveCfg = Debug|x86
		{5931698F-DB88-4B7C-A2CD-F8746E1A018A}.Default|Mixed Platforms.Build.0 = Debug|x86
		{5931698F-DB88-4B7C-A2CD-F8746E1A018A}.Default|x86.ActiveCfg = Debug|x86
		{5931698F-DB88-4B7C-A2CD-F8746E1A018A}.Default|x86.Build.0 = Debug|x86
		{5931698F-DB88-4B7C-A2CD-F8746E1A018A}.Release|Any CPU.ActiveCfg = Release|x86
		{5931698F-DB88-4B7C-A2CD-F8746E1A018A}.Release|Mixed Platforms.ActiveCfg = Release|x86
		{5931698F-DB88-4B7C-A2CD-F8746E1A018A}.Release|Mixed Platforms.Build.0 = Release|x86
		{5931698F-DB88-4B7C-A2CD-F8746E1A018A}.Release|x86.ActiveCfg = Release|x86
		{5931698F-DB88-4B7C-A2CD-F8746E1A018A}.Release|x86.Build.0 = Release|x86
		{65D3207D-D304-40A8-B5C2-8A59152DB734}.Debug|Any CPU.ActiveCfg = Debug|Any CPU
		{65D3207D-D304-40A8-B5C2-8A59152DB734}.Debug|Any CPU.Build.0 = Debug|Any CPU
		{65D3207D-D304-40A8-B5C2-8A59152DB734}.Debug|Mixed Platforms.ActiveCfg = Debug|Any CPU
		{65D3207D-D304-40A8-B5C2-8A59152DB734}.Debug|Mixed Platforms.Build.0 = Debug|Any CPU
		{65D3207D-D304-40A8-B5C2-8A59152DB734}.Debug|x86.ActiveCfg = Debug|Any CPU
		{65D3207D-D304-40A8-B5C2-8A59152DB734}.Default|Any CPU.ActiveCfg = Debug|Any CPU
		{65D3207D-D304-40A8-B5C2-8A59152DB734}.Default|Any CPU.Build.0 = Debug|Any CPU
		{65D3207D-D304-40A8-B5C2-8A59152DB734}.Default|Mixed Platforms.ActiveCfg = Debug|Any CPU
		{65D3207D-D304-40A8-B5C2-8A59152DB734}.Default|Mixed Platforms.Build.0 = Debug|Any CPU
		{65D3207D-D304-40A8-B5C2-8A59152DB734}.Default|x86.ActiveCfg = Debug|Any CPU
		{65D3207D-D304-40A8-B5C2-8A59152DB734}.Release|Any CPU.ActiveCfg = Release|Any CPU
		{65D3207D-D304-40A8-B5C2-8A59152DB734}.Release|Any CPU.Build.0 = Release|Any CPU
		{65D3207D-D304-40A8-B5C2-8A59152DB734}.Release|Mixed Platforms.ActiveCfg = Release|Any CPU
		{65D3207D-D304-40A8-B5C2-8A59152DB734}.Release|Mixed Platforms.Build.0 = Release|Any CPU
		{65D3207D-D304-40A8-B5C2-8A59152DB734}.Release|x86.ActiveCfg = Release|Any CPU
		{B89136AB-7354-483D-B274-D3FE181B4E20}.Debug|Any CPU.ActiveCfg = Debug|x86
		{B89136AB-7354-483D-B274-D3FE181B4E20}.Debug|Mixed Platforms.ActiveCfg = Debug|x86
		{B89136AB-7354-483D-B274-D3FE181B4E20}.Debug|Mixed Platforms.Build.0 = Debug|x86
		{B89136AB-7354-483D-B274-D3FE181B4E20}.Debug|x86.ActiveCfg = Debug|x86
		{B89136AB-7354-483D-B274-D3FE181B4E20}.Debug|x86.Build.0 = Debug|x86
		{B89136AB-7354-483D-B274-D3FE181B4E20}.Default|Any CPU.ActiveCfg = Debug|x86
		{B89136AB-7354-483D-B274-D3FE181B4E20}.Default|Mixed Platforms.ActiveCfg = Debug|x86
		{B89136AB-7354-483D-B274-D3FE181B4E20}.Default|Mixed Platforms.Build.0 = Debug|x86
		{B89136AB-7354-483D-B274-D3FE181B4E20}.Default|x86.ActiveCfg = Debug|x86
		{B89136AB-7354-483D-B274-D3FE181B4E20}.Default|x86.Build.0 = Debug|x86
		{B89136AB-7354-483D-B274-D3FE181B4E20}.Release|Any CPU.ActiveCfg = Release|x86
		{B89136AB-7354-483D-B274-D3FE181B4E20}.Release|Mixed Platforms.ActiveCfg = Release|x86
		{B89136AB-7354-483D-B274-D3FE181B4E20}.Release|Mixed Platforms.Build.0 = Release|x86
		{B89136AB-7354-483D-B274-D3FE181B4E20}.Release|x86.ActiveCfg = Release|x86
		{B89136AB-7354-483D-B274-D3FE181B4E20}.Release|x86.Build.0 = Release|x86
		{74E08E08-6901-4185-8378-E17CF6B143DC}.Debug|Any CPU.Build.0 = Debug|Any CPU
		{74E08E08-6901-4185-8378-E17CF6B143DC}.Release|Any CPU.Build.0 = Release|Any CPU
	EndGlobalSection
	GlobalSection(SolutionProperties) = preSolution
		HideSolutionNode = FALSE
	EndGlobalSection
	GlobalSection(MonoDevelopProperties) = preSolution
		StartupItem = SimpleOT\SimpleOT.csproj
		Policies = $0
		$0.DotNetNamingPolicy = $1
		$1.DirectoryNamespaceAssociation = PrefixedHierarchical
		$1.ResourceNamePolicy = FileFormatDefault
		$0.StandardHeader = $2
		$2.IncludeInNewFiles = True
	EndGlobalSection
EndGlobal
